// !$*UTF8*$!
{
	archiveVersion = 1;
	classes = {
	};
	objectVersion = 56;
	objects = {

/* Begin PBXBuildFile section */
		18238C952AD86D7D00F47F57 /* CartViewModel.swift in Sources */ = {isa = PBXBuildFile; fileRef = 18238C942AD86D7D00F47F57 /* CartViewModel.swift */; };
		18238C972AD86D8A00F47F57 /* CartModel.swift in Sources */ = {isa = PBXBuildFile; fileRef = 18238C962AD86D8A00F47F57 /* CartModel.swift */; };
		18832A332AD7DC0D00A790CC /* AppDelegate.swift in Sources */ = {isa = PBXBuildFile; fileRef = 18832A322AD7DC0D00A790CC /* AppDelegate.swift */; };
		18832A352AD7DC0D00A790CC /* SceneDelegate.swift in Sources */ = {isa = PBXBuildFile; fileRef = 18832A342AD7DC0D00A790CC /* SceneDelegate.swift */; };
		18832A3F2AD7DC0F00A790CC /* LaunchScreen.storyboard in Resources */ = {isa = PBXBuildFile; fileRef = 18832A3D2AD7DC0F00A790CC /* LaunchScreen.storyboard */; };
		18832A492AD7DD1A00A790CC /* Cart.storyboard in Resources */ = {isa = PBXBuildFile; fileRef = 18832A482AD7DD1A00A790CC /* Cart.storyboard */; };
		18832A4E2AD7DF5700A790CC /* CartViewController.swift in Sources */ = {isa = PBXBuildFile; fileRef = 18832A4D2AD7DF5700A790CC /* CartViewController.swift */; };
		18832A512AD7DF7500A790CC /* CartTableViewCell.swift in Sources */ = {isa = PBXBuildFile; fileRef = 18832A4F2AD7DF7500A790CC /* CartTableViewCell.swift */; };
		18832A522AD7DF7500A790CC /* CartTableViewCell.xib in Resources */ = {isa = PBXBuildFile; fileRef = 18832A502AD7DF7500A790CC /* CartTableViewCell.xib */; };
		18832A592AD7E19400A790CC /* Assets.xcassets in Resources */ = {isa = PBXBuildFile; fileRef = 18832A582AD7E19400A790CC /* Assets.xcassets */; };
		18832A5B2AD7E19F00A790CC /* Colors.xcassets in Resources */ = {isa = PBXBuildFile; fileRef = 18832A5A2AD7E19F00A790CC /* Colors.xcassets */; };
		18832A5E2AD7E9B400A790CC /* UIColor+AppColor.swift .swift in Sources */ = {isa = PBXBuildFile; fileRef = 18832A5D2AD7E9B400A790CC /* UIColor+AppColor.swift .swift */; };
		18832A602AD7EAA900A790CC /* UIView+Inspectable.swift in Sources */ = {isa = PBXBuildFile; fileRef = 18832A5F2AD7EAA900A790CC /* UIView+Inspectable.swift */; };
		18832A832AD7F11900A790CC /* Font.swift in Sources */ = {isa = PBXBuildFile; fileRef = 18832A822AD7F11900A790CC /* Font.swift */; };
		18832A862AD7F1A900A790CC /* WorkSans-Medium.ttf in Resources */ = {isa = PBXBuildFile; fileRef = 18832A842AD7F1A900A790CC /* WorkSans-Medium.ttf */; };
		18832A872AD7F1A900A790CC /* WorkSans-Regular.ttf in Resources */ = {isa = PBXBuildFile; fileRef = 18832A852AD7F1A900A790CC /* WorkSans-Regular.ttf */; };
		18832A892AD7FC1200A790CC /* Cart.xcassets in Resources */ = {isa = PBXBuildFile; fileRef = 18832A882AD7FC1200A790CC /* Cart.xcassets */; };
		18832A8B2AD82EFE00A790CC /* UIButton.swift in Sources */ = {isa = PBXBuildFile; fileRef = 18832A8A2AD82EFE00A790CC /* UIButton.swift */; };
		18832A8E2AD8457F00A790CC /* CartPriceDetailTableViewCell.swift in Sources */ = {isa = PBXBuildFile; fileRef = 18832A8C2AD8457F00A790CC /* CartPriceDetailTableViewCell.swift */; };
		18832A8F2AD8457F00A790CC /* CartPriceDetailTableViewCell.xib in Resources */ = {isa = PBXBuildFile; fileRef = 18832A8D2AD8457F00A790CC /* CartPriceDetailTableViewCell.xib */; };
		18C84C3E2AD942F200F50D69 /* Toast in Frameworks */ = {isa = PBXBuildFile; productRef = 18C84C3D2AD942F200F50D69 /* Toast */; };
		18C84C402AD94D5900F50D69 /* UIViewController.swift in Sources */ = {isa = PBXBuildFile; fileRef = 18C84C3F2AD94D5900F50D69 /* UIViewController.swift */; };
/* End PBXBuildFile section */

/* Begin PBXFileReference section */
		18238C942AD86D7D00F47F57 /* CartViewModel.swift */ = {isa = PBXFileReference; lastKnownFileType = sourcecode.swift; path = CartViewModel.swift; sourceTree = "<group>"; };
		18238C962AD86D8A00F47F57 /* CartModel.swift */ = {isa = PBXFileReference; lastKnownFileType = sourcecode.swift; path = CartModel.swift; sourceTree = "<group>"; };
		18832A2F2AD7DC0D00A790CC /* ShoppingCart.app */ = {isa = PBXFileReference; explicitFileType = wrapper.application; includeInIndex = 0; path = ShoppingCart.app; sourceTree = BUILT_PRODUCTS_DIR; };
		18832A322AD7DC0D00A790CC /* AppDelegate.swift */ = {isa = PBXFileReference; lastKnownFileType = sourcecode.swift; path = AppDelegate.swift; sourceTree = "<group>"; };
		18832A342AD7DC0D00A790CC /* SceneDelegate.swift */ = {isa = PBXFileReference; lastKnownFileType = sourcecode.swift; path = SceneDelegate.swift; sourceTree = "<group>"; };
		18832A3E2AD7DC0F00A790CC /* Base */ = {isa = PBXFileReference; lastKnownFileType = file.storyboard; name = Base; path = Base.lproj/LaunchScreen.storyboard; sourceTree = "<group>"; };
		18832A402AD7DC0F00A790CC /* Info.plist */ = {isa = PBXFileReference; lastKnownFileType = text.plist.xml; path = Info.plist; sourceTree = "<group>"; };
		18832A482AD7DD1A00A790CC /* Cart.storyboard */ = {isa = PBXFileReference; lastKnownFileType = file.storyboard; path = Cart.storyboard; sourceTree = "<group>"; };
		18832A4D2AD7DF5700A790CC /* CartViewController.swift */ = {isa = PBXFileReference; lastKnownFileType = sourcecode.swift; path = CartViewController.swift; sourceTree = "<group>"; };
		18832A4F2AD7DF7500A790CC /* CartTableViewCell.swift */ = {isa = PBXFileReference; lastKnownFileType = sourcecode.swift; path = CartTableViewCell.swift; sourceTree = "<group>"; };
		18832A502AD7DF7500A790CC /* CartTableViewCell.xib */ = {isa = PBXFileReference; lastKnownFileType = file.xib; path = CartTableViewCell.xib; sourceTree = "<group>"; };
		18832A582AD7E19400A790CC /* Assets.xcassets */ = {isa = PBXFileReference; lastKnownFileType = folder.assetcatalog; path = Assets.xcassets; sourceTree = "<group>"; };
		18832A5A2AD7E19F00A790CC /* Colors.xcassets */ = {isa = PBXFileReference; lastKnownFileType = folder.assetcatalog; path = Colors.xcassets; sourceTree = "<group>"; };
		18832A5D2AD7E9B400A790CC /* UIColor+AppColor.swift .swift */ = {isa = PBXFileReference; lastKnownFileType = sourcecode.swift; path = "UIColor+AppColor.swift .swift"; sourceTree = "<group>"; };
		18832A5F2AD7EAA900A790CC /* UIView+Inspectable.swift */ = {isa = PBXFileReference; lastKnownFileType = sourcecode.swift; path = "UIView+Inspectable.swift"; sourceTree = "<group>"; };
		18832A822AD7F11900A790CC /* Font.swift */ = {isa = PBXFileReference; lastKnownFileType = sourcecode.swift; path = Font.swift; sourceTree = "<group>"; };
		18832A842AD7F1A900A790CC /* WorkSans-Medium.ttf */ = {isa = PBXFileReference; lastKnownFileType = file; path = "WorkSans-Medium.ttf"; sourceTree = "<group>"; };
		18832A852AD7F1A900A790CC /* WorkSans-Regular.ttf */ = {isa = PBXFileReference; lastKnownFileType = file; path = "WorkSans-Regular.ttf"; sourceTree = "<group>"; };
		18832A882AD7FC1200A790CC /* Cart.xcassets */ = {isa = PBXFileReference; lastKnownFileType = folder.assetcatalog; path = Cart.xcassets; sourceTree = "<group>"; };
		18832A8A2AD82EFE00A790CC /* UIButton.swift */ = {isa = PBXFileReference; lastKnownFileType = sourcecode.swift; path = UIButton.swift; sourceTree = "<group>"; };
		18832A8C2AD8457F00A790CC /* CartPriceDetailTableViewCell.swift */ = {isa = PBXFileReference; lastKnownFileType = sourcecode.swift; path = CartPriceDetailTableViewCell.swift; sourceTree = "<group>"; };
		18832A8D2AD8457F00A790CC /* CartPriceDetailTableViewCell.xib */ = {isa = PBXFileReference; lastKnownFileType = file.xib; path = CartPriceDetailTableViewCell.xib; sourceTree = "<group>"; };
		18C84C3F2AD94D5900F50D69 /* UIViewController.swift */ = {isa = PBXFileReference; lastKnownFileType = sourcecode.swift; path = UIViewController.swift; sourceTree = "<group>"; };
/* End PBXFileReference section */

/* Begin PBXFrameworksBuildPhase section */
		18832A2C2AD7DC0D00A790CC /* Frameworks */ = {
			isa = PBXFrameworksBuildPhase;
			buildActionMask = 2147483647;
			files = (
				18C84C3E2AD942F200F50D69 /* Toast in Frameworks */,
			);
			runOnlyForDeploymentPostprocessing = 0;
		};
/* End PBXFrameworksBuildPhase section */

/* Begin PBXGroup section */
		18832A262AD7DC0D00A790CC = {
			isa = PBXGroup;
			children = (
				18832A312AD7DC0D00A790CC /* ShoppingCart */,
				18832A302AD7DC0D00A790CC /* Products */,
			);
			sourceTree = "<group>";
		};
		18832A302AD7DC0D00A790CC /* Products */ = {
			isa = PBXGroup;
			children = (
				18832A2F2AD7DC0D00A790CC /* ShoppingCart.app */,
			);
			name = Products;
			sourceTree = "<group>";
		};
		18832A312AD7DC0D00A790CC /* ShoppingCart */ = {
			isa = PBXGroup;
			children = (
				18832A322AD7DC0D00A790CC /* AppDelegate.swift */,
				18832A342AD7DC0D00A790CC /* SceneDelegate.swift */,
				18832A4A2AD7DF2200A790CC /* Scenes */,
				18832A542AD7E0C500A790CC /* Stories */,
				18832A5C2AD7E9A000A790CC /* Extensions */,
				18832A812AD7F0C200A790CC /* Fonts */,
				18832A552AD7E0F800A790CC /* Assets */,
				18832A402AD7DC0F00A790CC /* Info.plist */,
			);
			path = ShoppingCart;
			sourceTree = "<group>";
		};
		18832A4A2AD7DF2200A790CC /* Scenes */ = {
			isa = PBXGroup;
			children = (
				18832A4B2AD7DF3400A790CC /* Cart */,
			);
			path = Scenes;
			sourceTree = "<group>";
		};
		18832A4B2AD7DF3400A790CC /* Cart */ = {
			isa = PBXGroup;
			children = (
				18832A4C2AD7DF3E00A790CC /* Cell */,
				18832A4D2AD7DF5700A790CC /* CartViewController.swift */,
				18238C942AD86D7D00F47F57 /* CartViewModel.swift */,
				18238C962AD86D8A00F47F57 /* CartModel.swift */,
			);
			path = Cart;
			sourceTree = "<group>";
		};
		18832A4C2AD7DF3E00A790CC /* Cell */ = {
			isa = PBXGroup;
			children = (
				18832A4F2AD7DF7500A790CC /* CartTableViewCell.swift */,
				18832A502AD7DF7500A790CC /* CartTableViewCell.xib */,
				18832A8C2AD8457F00A790CC /* CartPriceDetailTableViewCell.swift */,
				18832A8D2AD8457F00A790CC /* CartPriceDetailTableViewCell.xib */,
			);
			path = Cell;
			sourceTree = "<group>";
		};
		18832A542AD7E0C500A790CC /* Stories */ = {
			isa = PBXGroup;
			children = (
				18832A482AD7DD1A00A790CC /* Cart.storyboard */,
				18832A3D2AD7DC0F00A790CC /* LaunchScreen.storyboard */,
			);
			path = Stories;
			sourceTree = "<group>";
		};
		18832A552AD7E0F800A790CC /* Assets */ = {
			isa = PBXGroup;
			children = (
				18832A582AD7E19400A790CC /* Assets.xcassets */,
				18832A5A2AD7E19F00A790CC /* Colors.xcassets */,
				18832A882AD7FC1200A790CC /* Cart.xcassets */,
			);
			path = Assets;
			sourceTree = "<group>";
		};
		18832A5C2AD7E9A000A790CC /* Extensions */ = {
			isa = PBXGroup;
			children = (
				18832A5D2AD7E9B400A790CC /* UIColor+AppColor.swift .swift */,
				18832A5F2AD7EAA900A790CC /* UIView+Inspectable.swift */,
				18832A8A2AD82EFE00A790CC /* UIButton.swift */,
				18C84C3F2AD94D5900F50D69 /* UIViewController.swift */,
			);
			path = Extensions;
			sourceTree = "<group>";
		};
		18832A812AD7F0C200A790CC /* Fonts */ = {
			isa = PBXGroup;
			children = (
				18832A822AD7F11900A790CC /* Font.swift */,
				18832A842AD7F1A900A790CC /* WorkSans-Medium.ttf */,
				18832A852AD7F1A900A790CC /* WorkSans-Regular.ttf */,
			);
			path = Fonts;
			sourceTree = "<group>";
		};
/* End PBXGroup section */

/* Begin PBXNativeTarget section */
		18832A2E2AD7DC0D00A790CC /* ShoppingCart */ = {
			isa = PBXNativeTarget;
			buildConfigurationList = 18832A432AD7DC0F00A790CC /* Build configuration list for PBXNativeTarget "ShoppingCart" */;
			buildPhases = (
				18832A2B2AD7DC0D00A790CC /* Sources */,
				18832A2C2AD7DC0D00A790CC /* Frameworks */,
				18832A2D2AD7DC0D00A790CC /* Resources */,
			);
			buildRules = (
			);
			dependencies = (
			);
			name = ShoppingCart;
			packageProductDependencies = (
				18C84C3D2AD942F200F50D69 /* Toast */,
			);
			productName = ShoppingCard;
			productReference = 18832A2F2AD7DC0D00A790CC /* ShoppingCart.app */;
			productType = "com.apple.product-type.application";
		};
/* End PBXNativeTarget section */

/* Begin PBXProject section */
		18832A272AD7DC0D00A790CC /* Project object */ = {
			isa = PBXProject;
			attributes = {
				BuildIndependentTargetsInParallel = 1;
				LastSwiftUpdateCheck = 1430;
				LastUpgradeCheck = 1430;
				TargetAttributes = {
					18832A2E2AD7DC0D00A790CC = {
						CreatedOnToolsVersion = 14.3;
					};
				};
			};
			buildConfigurationList = 18832A2A2AD7DC0D00A790CC /* Build configuration list for PBXProject "ShoppingCart" */;
			compatibilityVersion = "Xcode 14.0";
			developmentRegion = en;
			hasScannedForEncodings = 0;
			knownRegions = (
				en,
				Base,
			);
			mainGroup = 18832A262AD7DC0D00A790CC;
			packageReferences = (
				18C84C3C2AD942F200F50D69 /* XCRemoteSwiftPackageReference "Toast-Swift" */,
			);
			productRefGroup = 18832A302AD7DC0D00A790CC /* Products */;
			projectDirPath = "";
			projectRoot = "";
			targets = (
				18832A2E2AD7DC0D00A790CC /* ShoppingCart */,
			);
		};
/* End PBXProject section */

/* Begin PBXResourcesBuildPhase section */
		18832A2D2AD7DC0D00A790CC /* Resources */ = {
			isa = PBXResourcesBuildPhase;
			buildActionMask = 2147483647;
			files = (
				18832A5B2AD7E19F00A790CC /* Colors.xcassets in Resources */,
				18832A862AD7F1A900A790CC /* WorkSans-Medium.ttf in Resources */,
				18832A522AD7DF7500A790CC /* CartTableViewCell.xib in Resources */,
				18832A892AD7FC1200A790CC /* Cart.xcassets in Resources */,
				18832A8F2AD8457F00A790CC /* CartPriceDetailTableViewCell.xib in Resources */,
				18832A492AD7DD1A00A790CC /* Cart.storyboard in Resources */,
				18832A592AD7E19400A790CC /* Assets.xcassets in Resources */,
				18832A3F2AD7DC0F00A790CC /* LaunchScreen.storyboard in Resources */,
				18832A872AD7F1A900A790CC /* WorkSans-Regular.ttf in Resources */,
			);
			runOnlyForDeploymentPostprocessing = 0;
		};
/* End PBXResourcesBuildPhase section */

/* Begin PBXSourcesBuildPhase section */
		18832A2B2AD7DC0D00A790CC /* Sources */ = {
			isa = PBXSourcesBuildPhase;
			buildActionMask = 2147483647;
			files = (
				18832A5E2AD7E9B400A790CC /* UIColor+AppColor.swift .swift in Sources */,
				18832A602AD7EAA900A790CC /* UIView+Inspectable.swift in Sources */,
				18C84C402AD94D5900F50D69 /* UIViewController.swift in Sources */,
				18832A332AD7DC0D00A790CC /* AppDelegate.swift in Sources */,
				18832A8B2AD82EFE00A790CC /* UIButton.swift in Sources */,
				18238C972AD86D8A00F47F57 /* CartModel.swift in Sources */,
				18832A8E2AD8457F00A790CC /* CartPriceDetailTableViewCell.swift in Sources */,
				18832A4E2AD7DF5700A790CC /* CartViewController.swift in Sources */,
				18238C952AD86D7D00F47F57 /* CartViewModel.swift in Sources */,
				18832A352AD7DC0D00A790CC /* SceneDelegate.swift in Sources */,
				18832A512AD7DF7500A790CC /* CartTableViewCell.swift in Sources */,
				18832A832AD7F11900A790CC /* Font.swift in Sources */,
			);
			runOnlyForDeploymentPostprocessing = 0;
		};
/* End PBXSourcesBuildPhase section */

/* Begin PBXVariantGroup section */
		18832A3D2AD7DC0F00A790CC /* LaunchScreen.storyboard */ = {
			isa = PBXVariantGroup;
			children = (
				18832A3E2AD7DC0F00A790CC /* Base */,
			);
			name = LaunchScreen.storyboard;
			sourceTree = "<group>";
		};
/* End PBXVariantGroup section */

/* Begin XCBuildConfiguration section */
		18832A412AD7DC0F00A790CC /* Debug */ = {
			isa = XCBuildConfiguration;
			buildSettings = {
				ALWAYS_SEARCH_USER_PATHS = NO;
				CLANG_ANALYZER_NONNULL = YES;
				CLANG_ANALYZER_NUMBER_OBJECT_CONVERSION = YES_AGGRESSIVE;
				CLANG_CXX_LANGUAGE_STANDARD = "gnu++20";
				CLANG_ENABLE_MODULES = YES;
				CLANG_ENABLE_OBJC_ARC = YES;
				CLANG_ENABLE_OBJC_WEAK = YES;
				CLANG_WARN_BLOCK_CAPTURE_AUTORELEASING = YES;
				CLANG_WARN_BOOL_CONVERSION = YES;
				CLANG_WARN_COMMA = YES;
				CLANG_WARN_CONSTANT_CONVERSION = YES;
				CLANG_WARN_DEPRECATED_OBJC_IMPLEMENTATIONS = YES;
				CLANG_WARN_DIRECT_OBJC_ISA_USAGE = YES_ERROR;
				CLANG_WARN_DOCUMENTATION_COMMENTS = YES;
				CLANG_WARN_EMPTY_BODY = YES;
				CLANG_WARN_ENUM_CONVERSION = YES;
				CLANG_WARN_INFINITE_RECURSION = YES;
				CLANG_WARN_INT_CONVERSION = YES;
				CLANG_WARN_NON_LITERAL_NULL_CONVERSION = YES;
				CLANG_WARN_OBJC_IMPLICIT_RETAIN_SELF = YES;
				CLANG_WARN_OBJC_LITERAL_CONVERSION = YES;
				CLANG_WARN_OBJC_ROOT_CLASS = YES_ERROR;
				CLANG_WARN_QUOTED_INCLUDE_IN_FRAMEWORK_HEADER = YES;
				CLANG_WARN_RANGE_LOOP_ANALYSIS = YES;
				CLANG_WARN_STRICT_PROTOTYPES = YES;
				CLANG_WARN_SUSPICIOUS_MOVE = YES;
				CLANG_WARN_UNGUARDED_AVAILABILITY = YES_AGGRESSIVE;
				CLANG_WARN_UNREACHABLE_CODE = YES;
				CLANG_WARN__DUPLICATE_METHOD_MATCH = YES;
				COPY_PHASE_STRIP = NO;
				DEBUG_INFORMATION_FORMAT = dwarf;
				ENABLE_STRICT_OBJC_MSGSEND = YES;
				ENABLE_TESTABILITY = YES;
				GCC_C_LANGUAGE_STANDARD = gnu11;
				GCC_DYNAMIC_NO_PIC = NO;
				GCC_NO_COMMON_BLOCKS = YES;
				GCC_OPTIMIZATION_LEVEL = 0;
				GCC_PREPROCESSOR_DEFINITIONS = (
					"DEBUG=1",
					"$(inherited)",
				);
				GCC_WARN_64_TO_32_BIT_CONVERSION = YES;
				GCC_WARN_ABOUT_RETURN_TYPE = YES_ERROR;
				GCC_WARN_UNDECLARED_SELECTOR = YES;
				GCC_WARN_UNINITIALIZED_AUTOS = YES_AGGRESSIVE;
				GCC_WARN_UNUSED_FUNCTION = YES;
				GCC_WARN_UNUSED_VARIABLE = YES;
				IPHONEOS_DEPLOYMENT_TARGET = 16.4;
				MTL_ENABLE_DEBUG_INFO = INCLUDE_SOURCE;
				MTL_FAST_MATH = YES;
				ONLY_ACTIVE_ARCH = YES;
				SDKROOT = iphoneos;
				SWIFT_ACTIVE_COMPILATION_CONDITIONS = DEBUG;
				SWIFT_OPTIMIZATION_LEVEL = "-Onone";
			};
			name = Debug;
		};
		18832A422AD7DC0F00A790CC /* Release */ = {
			isa = XCBuildConfiguration;
			buildSettings = {
				ALWAYS_SEARCH_USER_PATHS = NO;
				CLANG_ANALYZER_NONNULL = YES;
				CLANG_ANALYZER_NUMBER_OBJECT_CONVERSION = YES_AGGRESSIVE;
				CLANG_CXX_LANGUAGE_STANDARD = "gnu++20";
				CLANG_ENABLE_MODULES = YES;
				CLANG_ENABLE_OBJC_ARC = YES;
				CLANG_ENABLE_OBJC_WEAK = YES;
				CLANG_WARN_BLOCK_CAPTURE_AUTORELEASING = YES;
				CLANG_WARN_BOOL_CONVERSION = YES;
				CLANG_WARN_COMMA = YES;
				CLANG_WARN_CONSTANT_CONVERSION = YES;
				CLANG_WARN_DEPRECATED_OBJC_IMPLEMENTATIONS = YES;
				CLANG_WARN_DIRECT_OBJC_ISA_USAGE = YES_ERROR;
				CLANG_WARN_DOCUMENTATION_COMMENTS = YES;
				CLANG_WARN_EMPTY_BODY = YES;
				CLANG_WARN_ENUM_CONVERSION = YES;
				CLANG_WARN_INFINITE_RECURSION = YES;
				CLANG_WARN_INT_CONVERSION = YES;
				CLANG_WARN_NON_LITERAL_NULL_CONVERSION = YES;
				CLANG_WARN_OBJC_IMPLICIT_RETAIN_SELF = YES;
				CLANG_WARN_OBJC_LITERAL_CONVERSION = YES;
				CLANG_WARN_OBJC_ROOT_CLASS = YES_ERROR;
				CLANG_WARN_QUOTED_INCLUDE_IN_FRAMEWORK_HEADER = YES;
				CLANG_WARN_RANGE_LOOP_ANALYSIS = YES;
				CLANG_WARN_STRICT_PROTOTYPES = YES;
				CLANG_WARN_SUSPICIOUS_MOVE = YES;
				CLANG_WARN_UNGUARDED_AVAILABILITY = YES_AGGRESSIVE;
				CLANG_WARN_UNREACHABLE_CODE = YES;
				CLANG_WARN__DUPLICATE_METHOD_MATCH = YES;
				COPY_PHASE_STRIP = NO;
				DEBUG_INFORMATION_FORMAT = "dwarf-with-dsym";
				ENABLE_NS_ASSERTIONS = NO;
				ENABLE_STRICT_OBJC_MSGSEND = YES;
				GCC_C_LANGUAGE_STANDARD = gnu11;
				GCC_NO_COMMON_BLOCKS = YES;
				GCC_WARN_64_TO_32_BIT_CONVERSION = YES;
				GCC_WARN_ABOUT_RETURN_TYPE = YES_ERROR;
				GCC_WARN_UNDECLARED_SELECTOR = YES;
				GCC_WARN_UNINITIALIZED_AUTOS = YES_AGGRESSIVE;
				GCC_WARN_UNUSED_FUNCTION = YES;
				GCC_WARN_UNUSED_VARIABLE = YES;
				IPHONEOS_DEPLOYMENT_TARGET = 16.4;
				MTL_ENABLE_DEBUG_INFO = NO;
				MTL_FAST_MATH = YES;
				SDKROOT = iphoneos;
				SWIFT_COMPILATION_MODE = wholemodule;
				SWIFT_OPTIMIZATION_LEVEL = "-O";
				VALIDATE_PRODUCT = YES;
			};
			name = Release;
		};
		18832A442AD7DC0F00A790CC /* Debug */ = {
			isa = XCBuildConfiguration;
			buildSettings = {
				ASSETCATALOG_COMPILER_APPICON_NAME = AppIcon;
				ASSETCATALOG_COMPILER_GLOBAL_ACCENT_COLOR_NAME = AccentColor;
				CODE_SIGN_STYLE = Automatic;
				CURRENT_PROJECT_VERSION = 1;
				DEVELOPMENT_TEAM = V4M8SZMBV2;
				GENERATE_INFOPLIST_FILE = YES;
				INFOPLIST_FILE = ShoppingCart/Info.plist;
				INFOPLIST_KEY_UIApplicationSupportsIndirectInputEvents = YES;
				INFOPLIST_KEY_UILaunchStoryboardName = LaunchScreen;
				INFOPLIST_KEY_UIMainStoryboardFile = Cart;
				INFOPLIST_KEY_UIStatusBarStyle = "";
				INFOPLIST_KEY_UISupportedInterfaceOrientations_iPad = "UIInterfaceOrientationPortrait UIInterfaceOrientationPortraitUpsideDown UIInterfaceOrientationLandscapeLeft UIInterfaceOrientationLandscapeRight";
				INFOPLIST_KEY_UISupportedInterfaceOrientations_iPhone = "UIInterfaceOrientationPortrait UIInterfaceOrientationLandscapeLeft UIInterfaceOrientationLandscapeRight";
				LD_RUNPATH_SEARCH_PATHS = (
					"$(inherited)",
					"@executable_path/Frameworks",
				);
				MARKETING_VERSION = 1.0;
				PRODUCT_BUNDLE_IDENTIFIER = com.ShoppingCart;
				PRODUCT_NAME = "$(TARGET_NAME)";
				SWIFT_EMIT_LOC_STRINGS = YES;
				SWIFT_VERSION = 5.0;
				TARGETED_DEVICE_FAMILY = "1,2";
			};
			name = Debug;
		};
		18832A452AD7DC0F00A790CC /* Release */ = {
			isa = XCBuildConfiguration;
			buildSettings = {
				ASSETCATALOG_COMPILER_APPICON_NAME = AppIcon;
				ASSETCATALOG_COMPILER_GLOBAL_ACCENT_COLOR_NAME = AccentColor;
				CODE_SIGN_STYLE = Automatic;
				CURRENT_PROJECT_VERSION = 1;
				DEVELOPMENT_TEAM = V4M8SZMBV2;
				GENERATE_INFOPLIST_FILE = YES;
				INFOPLIST_FILE = ShoppingCart/Info.plist;
				INFOPLIST_KEY_UIApplicationSupportsIndirectInputEvents = YES;
				INFOPLIST_KEY_UILaunchStoryboardName = LaunchScreen;
				INFOPLIST_KEY_UIMainStoryboardFile = Cart;
				INFOPLIST_KEY_UIStatusBarStyle = "";
				INFOPLIST_KEY_UISupportedInterfaceOrientations_iPad = "UIInterfaceOrientationPortrait UIInterfaceOrientationPortraitUpsideDown UIInterfaceOrientationLandscapeLeft UIInterfaceOrientationLandscapeRight";
				INFOPLIST_KEY_UISupportedInterfaceOrientations_iPhone = "UIInterfaceOrientationPortrait UIInterfaceOrientationLandscapeLeft UIInterfaceOrientationLandscapeRight";
				LD_RUNPATH_SEARCH_PATHS = (
					"$(inherited)",
					"@executable_path/Frameworks",
				);
				MARKETING_VERSION = 1.0;
				PRODUCT_BUNDLE_IDENTIFIER = com.ShoppingCart;
				PRODUCT_NAME = "$(TARGET_NAME)";
				SWIFT_EMIT_LOC_STRINGS = YES;
				SWIFT_VERSION = 5.0;
				TARGETED_DEVICE_FAMILY = "1,2";
			};
			name = Release;
		};
/* End XCBuildConfiguration section */

/* Begin XCConfigurationList section */
		18832A2A2AD7DC0D00A790CC /* Build configuration list for PBXProject "ShoppingCart" */ = {
			isa = XCConfigurationList;
			buildConfigurations = (
				18832A412AD7DC0F00A790CC /* Debug */,
				18832A422AD7DC0F00A790CC /* Release */,
			);
			defaultConfigurationIsVisible = 0;
			defaultConfigurationName = Release;
		};
		18832A432AD7DC0F00A790CC /* Build configuration list for PBXNativeTarget "ShoppingCart" */ = {
			isa = XCConfigurationList;
			buildConfigurations = (
				18832A442AD7DC0F00A790CC /* Debug */,
				18832A452AD7DC0F00A790CC /* Release */,
			);
			defaultConfigurationIsVisible = 0;
			defaultConfigurationName = Release;
		};
/* End XCConfigurationList section */

/* Begin XCRemoteSwiftPackageReference section */
		18C84C3C2AD942F200F50D69 /* XCRemoteSwiftPackageReference "Toast-Swift" */ = {
			isa = XCRemoteSwiftPackageReference;
			repositoryURL = "https://github.com/scalessec/Toast-Swift";
			requirement = {
				kind = upToNextMajorVersion;
				minimumVersion = 5.0.0;
			};
		};
/* End XCRemoteSwiftPackageReference section */

/* Begin XCSwiftPackageProductDependency section */
		18C84C3D2AD942F200F50D69 /* Toast */ = {
			isa = XCSwiftPackageProductDependency;
			package = 18C84C3C2AD942F200F50D69 /* XCRemoteSwiftPackageReference "Toast-Swift" */;
			productName = Toast;
		};
/* End XCSwiftPackageProductDependency section */
	};
	rootObject = 18832A272AD7DC0D00A790CC /* Project object */;
}
